
Microsoft Visual Studio Solution File, Format Version 12.00
# Visual Studio Version 16
VisualStudioVersion = 16.0.30503.244
MinimumVisualStudioVersion = 10.0.40219.1
Project("{8BC9CEB8-8B4A-11D0-8D11-00A0C91BC942}") = "thirdTask(4)", "thirdTask(4)\thirdTask(4).vcxproj", "{BE7D41B2-879D-48DB-9E4E-F008523CBBC5}"
EndProject
Global
	GlobalSection(SolutionConfigurationPlatforms) = preSolution
		Debug|x64 = Debug|x64
		Debug|x86 = Debug|x86
		Release|x64 = Release|x64
		Release|x86 = Release|x86
	EndGlobalSection
	GlobalSection(ProjectConfigurationPlatforms) = postSolution
		{BE7D41B2-879D-48DB-9E4E-F008523CBBC5}.Debug|x64.ActiveCfg = Debug|x64
		{BE7D41B2-879D-48DB-9E4E-F008523CBBC5}.Debug|x64.Build.0 = Debug|x64
		{BE7D41B2-879D-48DB-9E4E-F008523CBBC5}.Debug|x86.ActiveCfg = Debug|Win32
		{BE7D41B2-879D-48DB-9E4E-F008523CBBC5}.Debug|x86.Build.0 = Debug|Win32
		{BE7D41B2-879D-48DB-9E4E-F008523CBBC5}.Release|x64.ActiveCfg = Release|x64
		{BE7D41B2-879D-48DB-9E4E-F008523CBBC5}.Release|x64.Build.0 = Release|x64
		{BE7D41B2-879D-48DB-9E4E-F008523CBBC5}.Release|x86.ActiveCfg = Release|Win32
		{BE7D41B2-879D-48DB-9E4E-F008523CBBC5}.Release|x86.Build.0 = Release|Win32
	EndGlobalSection
	GlobalSection(SolutionProperties) = preSolution
		HideSolutionNode = FALSE
	EndGlobalSection
	GlobalSection(ExtensibilityGlobals) = postSolution
		SolutionGuid = {2E34A29C-9E0C-47E3-AC36-A59FD5290240}
	EndGlobalSection
EndGlobal
